
Microsoft Visual Studio Solution File, Format Version 12.00
Project("{2150E333-8FDC-42A3-9474-1A3956D46DE8}") = "SimpleMessaging", "SimpleMessaging", "{292B47A2-9BC1-4F7B-965F-D7BBB0FDDE19}"
EndProject
Project("{FAE04EC0-301F-11D3-BF4B-00C04F79EFBC}") = "Producer", "Producer\Producer.csproj", "{8F13A39E-E203-4000-A2F1-24BFD095BD08}"
EndProject
Project("{FAE04EC0-301F-11D3-BF4B-00C04F79EFBC}") = "Consumer", "Consumer\Consumer.csproj", "{A49C53FB-33D8-4A97-AC21-D9189C8175CA}"
EndProject
Project("{2150E333-8FDC-42A3-9474-1A3956D46DE8}") = "SolutionFolder", "SolutionFolder", "{3AD3A562-3893-4BE9-B68B-8D21F0468036}"
	ProjectSection(SolutionItems) = preProject
		.idea\.idea.MQ\.idea\.gitignore = .idea\.idea.MQ\.idea\.gitignore
	EndProjectSection
EndProject
Global
	GlobalSection(SolutionConfigurationPlatforms) = preSolution
		Debug|Any CPU = Debug|Any CPU
		Release|Any CPU = Release|Any CPU
	EndGlobalSection
	GlobalSection(ProjectConfigurationPlatforms) = postSolution
		{8F13A39E-E203-4000-A2F1-24BFD095BD08}.Debug|Any CPU.ActiveCfg = Debug|Any CPU
		{8F13A39E-E203-4000-A2F1-24BFD095BD08}.Debug|Any CPU.Build.0 = Debug|Any CPU
		{8F13A39E-E203-4000-A2F1-24BFD095BD08}.Release|Any CPU.ActiveCfg = Release|Any CPU
		{8F13A39E-E203-4000-A2F1-24BFD095BD08}.Release|Any CPU.Build.0 = Release|Any CPU
		{A49C53FB-33D8-4A97-AC21-D9189C8175CA}.Debug|Any CPU.ActiveCfg = Debug|Any CPU
		{A49C53FB-33D8-4A97-AC21-D9189C8175CA}.Debug|Any CPU.Build.0 = Debug|Any CPU
		{A49C53FB-33D8-4A97-AC21-D9189C8175CA}.Release|Any CPU.ActiveCfg = Release|Any CPU
		{A49C53FB-33D8-4A97-AC21-D9189C8175CA}.Release|Any CPU.Build.0 = Release|Any CPU
	EndGlobalSection
	GlobalSection(NestedProjects) = preSolution
		{8F13A39E-E203-4000-A2F1-24BFD095BD08} = {292B47A2-9BC1-4F7B-965F-D7BBB0FDDE19}
		{A49C53FB-33D8-4A97-AC21-D9189C8175CA} = {292B47A2-9BC1-4F7B-965F-D7BBB0FDDE19}
	EndGlobalSection
EndGlobal
